// !$*UTF8*$!
{
	archiveVersion = 1;
	classes = {
	};
	objectVersion = 46;
	objects = {

/* Begin PBXBuildFile section */
		551B85AF1906B1C100A340C8 /* Foundation.framework in Frameworks */ = {isa = PBXBuildFile; fileRef = 551B85AE1906B1C000A340C8 /* Foundation.framework */; };
		551B85B11906B1C100A340C8 /* CoreGraphics.framework in Frameworks */ = {isa = PBXBuildFile; fileRef = 551B85B01906B1C100A340C8 /* CoreGraphics.framework */; };
		551B85B31906B1C100A340C8 /* UIKit.framework in Frameworks */ = {isa = PBXBuildFile; fileRef = 551B85B21906B1C100A340C8 /* UIKit.framework */; };
		551B85B91906B1C100A340C8 /* InfoPlist.strings in Resources */ = {isa = PBXBuildFile; fileRef = 551B85B71906B1C100A340C8 /* InfoPlist.strings */; };
		551B85BB1906B1C100A340C8 /* main.m in Sources */ = {isa = PBXBuildFile; fileRef = 551B85BA1906B1C100A340C8 /* main.m */; };
		551B85BF1906B1C100A340C8 /* CSAAppDelegate.m in Sources */ = {isa = PBXBuildFile; fileRef = 551B85BE1906B1C100A340C8 /* CSAAppDelegate.m */; };
		551B85C21906B1C100A340C8 /* Main.storyboard in Resources */ = {isa = PBXBuildFile; fileRef = 551B85C01906B1C100A340C8 /* Main.storyboard */; };
		551B85C51906B1C100A340C8 /* CSAHomeViewController.m in Sources */ = {isa = PBXBuildFile; fileRef = 551B85C41906B1C100A340C8 /* CSAHomeViewController.m */; };
		551B85C71906B1C100A340C8 /* Images.xcassets in Resources */ = {isa = PBXBuildFile; fileRef = 551B85C61906B1C100A340C8 /* Images.xcassets */; };
		551B85CE1906B1C100A340C8 /* XCTest.framework in Frameworks */ = {isa = PBXBuildFile; fileRef = 551B85CD1906B1C100A340C8 /* XCTest.framework */; };
		551B85CF1906B1C100A340C8 /* Foundation.framework in Frameworks */ = {isa = PBXBuildFile; fileRef = 551B85AE1906B1C000A340C8 /* Foundation.framework */; };
		551B85D01906B1C100A340C8 /* UIKit.framework in Frameworks */ = {isa = PBXBuildFile; fileRef = 551B85B21906B1C100A340C8 /* UIKit.framework */; };
		551B85D81906B1C100A340C8 /* InfoPlist.strings in Resources */ = {isa = PBXBuildFile; fileRef = 551B85D61906B1C100A340C8 /* InfoPlist.strings */; };
		551B85DA1906B1C100A340C8 /* CommonwealthSecondaryAnniversaryTests.m in Sources */ = {isa = PBXBuildFile; fileRef = 551B85D91906B1C100A340C8 /* CommonwealthSecondaryAnniversaryTests.m */; };
		551B85E41906BD7900A340C8 /* GalleryStoryboard.storyboard in Resources */ = {isa = PBXBuildFile; fileRef = 551B85E31906BD7900A340C8 /* GalleryStoryboard.storyboard */; };
		551B85E81906BDD000A340C8 /* CSAViewControllerRegistry.m in Sources */ = {isa = PBXBuildFile; fileRef = 551B85E71906BDD000A340C8 /* CSAViewControllerRegistry.m */; };
		551B85EF1906BEB200A340C8 /* CSAGalleryViewController.m in Sources */ = {isa = PBXBuildFile; fileRef = 551B85EE1906BEB200A340C8 /* CSAGalleryViewController.m */; };
		551B85F11906BFF900A340C8 /* HeritageStoryboard.storyboard in Resources */ = {isa = PBXBuildFile; fileRef = 551B85F01906BFF900A340C8 /* HeritageStoryboard.storyboard */; };
		551B85F51906C0C600A340C8 /* CSAHeritageViewController.m in Sources */ = {isa = PBXBuildFile; fileRef = 551B85F41906C0C600A340C8 /* CSAHeritageViewController.m */; };
		554110761906C5EB0090B9E6 /* ExperiencesStoryboard.storyboard in Resources */ = {isa = PBXBuildFile; fileRef = 554110751906C5EB0090B9E6 /* ExperiencesStoryboard.storyboard */; };
		5541107A1906C85B0090B9E6 /* CSAExperiencesFirstViewController.m in Sources */ = {isa = PBXBuildFile; fileRef = 554110791906C85B0090B9E6 /* CSAExperiencesFirstViewController.m */; };
		5598C2751907596800992CC3 /* QuizMedia.xcassets in Resources */ = {isa = PBXBuildFile; fileRef = 5598C2741907596800992CC3 /* QuizMedia.xcassets */; };
		55BA8CA41906CDD9000D5F69 /* QuizStoryboard.storyboard in Resources */ = {isa = PBXBuildFile; fileRef = 55BA8CA31906CDD9000D5F69 /* QuizStoryboard.storyboard */; };
		55BA8CA81906CF1A000D5F69 /* CSAFirstQnViewController.m in Sources */ = {isa = PBXBuildFile; fileRef = 55BA8CA71906CF1A000D5F69 /* CSAFirstQnViewController.m */; };
		55BA8CAA1906D0A7000D5F69 /* FactsStoryboard.storyboard in Resources */ = {isa = PBXBuildFile; fileRef = 55BA8CA91906D0A7000D5F69 /* FactsStoryboard.storyboard */; };
		55BA8CAD1906D0B6000D5F69 /* CSAFactsViewController.m in Sources */ = {isa = PBXBuildFile; fileRef = 55BA8CAC1906D0B6000D5F69 /* CSAFactsViewController.m */; };
		55BA8CB01906D333000D5F69 /* PongGameStoryboard.storyboard in Resources */ = {isa = PBXBuildFile; fileRef = 55BA8CAF1906D333000D5F69 /* PongGameStoryboard.storyboard */; };
		55BA8CB41906D36C000D5F69 /* CSAPongGameViewController.m in Sources */ = {isa = PBXBuildFile; fileRef = 55BA8CB31906D36C000D5F69 /* CSAPongGameViewController.m */; };
		55BA8CB61906D698000D5F69 /* FlappyBirdGameStoryboard.storyboard in Resources */ = {isa = PBXBuildFile; fileRef = 55BA8CB51906D698000D5F69 /* FlappyBirdGameStoryboard.storyboard */; };
		55BA8CBA1906D6DB000D5F69 /* CSAFlappyBirdGameViewController.m in Sources */ = {isa = PBXBuildFile; fileRef = 55BA8CB91906D6DB000D5F69 /* CSAFlappyBirdGameViewController.m */; };
		55BA8CBC1906D720000D5F69 /* FlappyBirdGame.xcassets in Resources */ = {isa = PBXBuildFile; fileRef = 55BA8CBB1906D720000D5F69 /* FlappyBirdGame.xcassets */; };
		55BA8CBF1906DE11000D5F69 /* CSACreditsViewController.m in Sources */ = {isa = PBXBuildFile; fileRef = 55BA8CBE1906DE11000D5F69 /* CSACreditsViewController.m */; };
		869E3A911907AE7800C7FF95 /* 1.jpg in Resources */ = {isa = PBXBuildFile; fileRef = 869E3A791907AE7800C7FF95 /* 1.jpg */; };
		869E3A921907AE7800C7FF95 /* 10.jpg in Resources */ = {isa = PBXBuildFile; fileRef = 869E3A7A1907AE7800C7FF95 /* 10.jpg */; };
		869E3A931907AE7800C7FF95 /* 11.jpg in Resources */ = {isa = PBXBuildFile; fileRef = 869E3A7B1907AE7800C7FF95 /* 11.jpg */; };
		869E3A941907AE7800C7FF95 /* 12.jpg in Resources */ = {isa = PBXBuildFile; fileRef = 869E3A7C1907AE7800C7FF95 /* 12.jpg */; };
		869E3A951907AE7800C7FF95 /* 13.jpg in Resources */ = {isa = PBXBuildFile; fileRef = 869E3A7D1907AE7800C7FF95 /* 13.jpg */; };
		869E3A961907AE7800C7FF95 /* 14.jpg in Resources */ = {isa = PBXBuildFile; fileRef = 869E3A7E1907AE7800C7FF95 /* 14.jpg */; };
		869E3A971907AE7800C7FF95 /* 15.jpg in Resources */ = {isa = PBXBuildFile; fileRef = 869E3A7F1907AE7800C7FF95 /* 15.jpg */; };
		869E3A981907AE7800C7FF95 /* 16.jpg in Resources */ = {isa = PBXBuildFile; fileRef = 869E3A801907AE7800C7FF95 /* 16.jpg */; };
		869E3A991907AE7800C7FF95 /* 17.jpg in Resources */ = {isa = PBXBuildFile; fileRef = 869E3A811907AE7800C7FF95 /* 17.jpg */; };
		869E3A9A1907AE7800C7FF95 /* 18.jpg in Resources */ = {isa = PBXBuildFile; fileRef = 869E3A821907AE7800C7FF95 /* 18.jpg */; };
		869E3A9B1907AE7800C7FF95 /* 19.jpg in Resources */ = {isa = PBXBuildFile; fileRef = 869E3A831907AE7800C7FF95 /* 19.jpg */; };
		869E3A9C1907AE7800C7FF95 /* 2.jpg in Resources */ = {isa = PBXBuildFile; fileRef = 869E3A841907AE7800C7FF95 /* 2.jpg */; };
		869E3A9D1907AE7800C7FF95 /* 20.jpg in Resources */ = {isa = PBXBuildFile; fileRef = 869E3A851907AE7800C7FF95 /* 20.jpg */; };
		869E3A9E1907AE7800C7FF95 /* 21.jpg in Resources */ = {isa = PBXBuildFile; fileRef = 869E3A861907AE7800C7FF95 /* 21.jpg */; };
		869E3A9F1907AE7800C7FF95 /* 22.jpg in Resources */ = {isa = PBXBuildFile; fileRef = 869E3A871907AE7800C7FF95 /* 22.jpg */; };
		869E3AA01907AE7800C7FF95 /* 23.gif in Resources */ = {isa = PBXBuildFile; fileRef = 869E3A881907AE7800C7FF95 /* 23.gif */; };
		869E3AA11907AE7800C7FF95 /* 24.jpg in Resources */ = {isa = PBXBuildFile; fileRef = 869E3A891907AE7800C7FF95 /* 24.jpg */; };
		869E3AA21907AE7800C7FF95 /* 3.jpg in Resources */ = {isa = PBXBuildFile; fileRef = 869E3A8A1907AE7800C7FF95 /* 3.jpg */; };
		869E3AA31907AE7800C7FF95 /* 4.jpg in Resources */ = {isa = PBXBuildFile; fileRef = 869E3A8B1907AE7800C7FF95 /* 4.jpg */; };
		869E3AA41907AE7800C7FF95 /* 5.jpg in Resources */ = {isa = PBXBuildFile; fileRef = 869E3A8C1907AE7800C7FF95 /* 5.jpg */; };
		869E3AA51907AE7800C7FF95 /* 6.jpg in Resources */ = {isa = PBXBuildFile; fileRef = 869E3A8D1907AE7800C7FF95 /* 6.jpg */; };
		869E3AA61907AE7800C7FF95 /* 7.jpg in Resources */ = {isa = PBXBuildFile; fileRef = 869E3A8E1907AE7800C7FF95 /* 7.jpg */; };
		869E3AA71907AE7800C7FF95 /* 8.jpg in Resources */ = {isa = PBXBuildFile; fileRef = 869E3A8F1907AE7800C7FF95 /* 8.jpg */; };
		869E3AA81907AE7800C7FF95 /* 9.jpg in Resources */ = {isa = PBXBuildFile; fileRef = 869E3A901907AE7800C7FF95 /* 9.jpg */; };
		86BC11E41907A9AF006BDD8A /* Sand.jpg in Resources */ = {isa = PBXBuildFile; fileRef = 86BC11E31907A9AF006BDD8A /* Sand.jpg */; };
		86BC11E61907ACCA006BDD8A /* old_music_score_background-wallpaper-2560x1600.jpg in Resources */ = {isa = PBXBuildFile; fileRef = 86BC11E51907ACCA006BDD8A /* old_music_score_background-wallpaper-2560x1600.jpg */; };
		86BC11E91907B493006BDD8A /* CSAHeritageThirdViewController.m in Sources */ = {isa = PBXBuildFile; fileRef = 86BC11E81907B493006BDD8A /* CSAHeritageThirdViewController.m */; };
		86BC11EC1907B5FA006BDD8A /* CSAHeritageSecondViewController.m in Sources */ = {isa = PBXBuildFile; fileRef = 86BC11EB1907B5FA006BDD8A /* CSAHeritageSecondViewController.m */; };
		86BC11EE1907BAF4006BDD8A /* values.jpg in Resources */ = {isa = PBXBuildFile; fileRef = 86BC11ED1907BAF4006BDD8A /* values.jpg */; };
/* End PBXBuildFile section */

/* Begin PBXContainerItemProxy section */
		551B85D11906B1C100A340C8 /* PBXContainerItemProxy */ = {
			isa = PBXContainerItemProxy;
			containerPortal = 551B85A31906B1C000A340C8 /* Project object */;
			proxyType = 1;
			remoteGlobalIDString = 551B85AA1906B1C000A340C8;
			remoteInfo = CommonwealthSecondaryAnniversary;
		};
/* End PBXContainerItemProxy section */

/* Begin PBXFileReference section */
		551B85AB1906B1C000A340C8 /* CommonwealthSecondaryAnniversary.app */ = {isa = PBXFileReference; explicitFileType = wrapper.application; includeInIndex = 0; path = CommonwealthSecondaryAnniversary.app; sourceTree = BUILT_PRODUCTS_DIR; };
		551B85AE1906B1C000A340C8 /* Foundation.framework */ = {isa = PBXFileReference; lastKnownFileType = wrapper.framework; name = Foundation.framework; path = System/Library/Frameworks/Foundation.framework; sourceTree = SDKROOT; };
		551B85B01906B1C100A340C8 /* CoreGraphics.framework */ = {isa = PBXFileReference; lastKnownFileType = wrapper.framework; name = CoreGraphics.framework; path = System/Library/Frameworks/CoreGraphics.framework; sourceTree = SDKROOT; };
		551B85B21906B1C100A340C8 /* UIKit.framework */ = {isa = PBXFileReference; lastKnownFileType = wrapper.framework; name = UIKit.framework; path = System/Library/Frameworks/UIKit.framework; sourceTree = SDKROOT; };
		551B85B61906B1C100A340C8 /* CommonwealthSecondaryAnniversary-Info.plist */ = {isa = PBXFileReference; lastKnownFileType = text.plist.xml; path = "CommonwealthSecondaryAnniversary-Info.plist"; sourceTree = "<group>"; };
		551B85B81906B1C100A340C8 /* en */ = {isa = PBXFileReference; lastKnownFileType = text.plist.strings; name = en; path = en.lproj/InfoPlist.strings; sourceTree = "<group>"; };
		551B85BA1906B1C100A340C8 /* main.m */ = {isa = PBXFileReference; lastKnownFileType = sourcecode.c.objc; path = main.m; sourceTree = "<group>"; };
		551B85BC1906B1C100A340C8 /* CommonwealthSecondaryAnniversary-Prefix.pch */ = {isa = PBXFileReference; lastKnownFileType = sourcecode.c.h; path = "CommonwealthSecondaryAnniversary-Prefix.pch"; sourceTree = "<group>"; };
		551B85BD1906B1C100A340C8 /* CSAAppDelegate.h */ = {isa = PBXFileReference; lastKnownFileType = sourcecode.c.h; path = CSAAppDelegate.h; sourceTree = "<group>"; };
		551B85BE1906B1C100A340C8 /* CSAAppDelegate.m */ = {isa = PBXFileReference; lastKnownFileType = sourcecode.c.objc; path = CSAAppDelegate.m; sourceTree = "<group>"; };
		551B85C11906B1C100A340C8 /* Base */ = {isa = PBXFileReference; lastKnownFileType = file.storyboard; name = Base; path = Base.lproj/Main.storyboard; sourceTree = "<group>"; };
		551B85C31906B1C100A340C8 /* CSAHomeViewController.h */ = {isa = PBXFileReference; lastKnownFileType = sourcecode.c.h; path = CSAHomeViewController.h; sourceTree = "<group>"; };
		551B85C41906B1C100A340C8 /* CSAHomeViewController.m */ = {isa = PBXFileReference; lastKnownFileType = sourcecode.c.objc; path = CSAHomeViewController.m; sourceTree = "<group>"; };
		551B85C61906B1C100A340C8 /* Images.xcassets */ = {isa = PBXFileReference; lastKnownFileType = folder.assetcatalog; path = Images.xcassets; sourceTree = "<group>"; };
		551B85CC1906B1C100A340C8 /* CommonwealthSecondaryAnniversaryTests.xctest */ = {isa = PBXFileReference; explicitFileType = wrapper.cfbundle; includeInIndex = 0; path = CommonwealthSecondaryAnniversaryTests.xctest; sourceTree = BUILT_PRODUCTS_DIR; };
		551B85CD1906B1C100A340C8 /* XCTest.framework */ = {isa = PBXFileReference; lastKnownFileType = wrapper.framework; name = XCTest.framework; path = Library/Frameworks/XCTest.framework; sourceTree = DEVELOPER_DIR; };
		551B85D51906B1C100A340C8 /* CommonwealthSecondaryAnniversaryTests-Info.plist */ = {isa = PBXFileReference; lastKnownFileType = text.plist.xml; path = "CommonwealthSecondaryAnniversaryTests-Info.plist"; sourceTree = "<group>"; };
		551B85D71906B1C100A340C8 /* en */ = {isa = PBXFileReference; lastKnownFileType = text.plist.strings; name = en; path = en.lproj/InfoPlist.strings; sourceTree = "<group>"; };
		551B85D91906B1C100A340C8 /* CommonwealthSecondaryAnniversaryTests.m */ = {isa = PBXFileReference; lastKnownFileType = sourcecode.c.objc; path = CommonwealthSecondaryAnniversaryTests.m; sourceTree = "<group>"; };
		551B85E31906BD7900A340C8 /* GalleryStoryboard.storyboard */ = {isa = PBXFileReference; fileEncoding = 4; lastKnownFileType = file.storyboard; path = GalleryStoryboard.storyboard; sourceTree = "<group>"; };
		551B85E61906BDD000A340C8 /* CSAViewControllerRegistry.h */ = {isa = PBXFileReference; fileEncoding = 4; lastKnownFileType = sourcecode.c.h; path = CSAViewControllerRegistry.h; sourceTree = "<group>"; };
		551B85E71906BDD000A340C8 /* CSAViewControllerRegistry.m */ = {isa = PBXFileReference; fileEncoding = 4; lastKnownFileType = sourcecode.c.objc; path = CSAViewControllerRegistry.m; sourceTree = "<group>"; };
		551B85ED1906BEB200A340C8 /* CSAGalleryViewController.h */ = {isa = PBXFileReference; fileEncoding = 4; lastKnownFileType = sourcecode.c.h; path = CSAGalleryViewController.h; sourceTree = "<group>"; };
		551B85EE1906BEB200A340C8 /* CSAGalleryViewController.m */ = {isa = PBXFileReference; fileEncoding = 4; lastKnownFileType = sourcecode.c.objc; path = CSAGalleryViewController.m; sourceTree = "<group>"; };
		551B85F01906BFF900A340C8 /* HeritageStoryboard.storyboard */ = {isa = PBXFileReference; fileEncoding = 4; lastKnownFileType = file.storyboard; path = HeritageStoryboard.storyboard; sourceTree = "<group>"; };
		551B85F31906C0C600A340C8 /* CSAHeritageViewController.h */ = {isa = PBXFileReference; fileEncoding = 4; lastKnownFileType = sourcecode.c.h; path = CSAHeritageViewController.h; sourceTree = "<group>"; };
		551B85F41906C0C600A340C8 /* CSAHeritageViewController.m */ = {isa = PBXFileReference; fileEncoding = 4; lastKnownFileType = sourcecode.c.objc; path = CSAHeritageViewController.m; sourceTree = "<group>"; };
		554110751906C5EB0090B9E6 /* ExperiencesStoryboard.storyboard */ = {isa = PBXFileReference; fileEncoding = 4; lastKnownFileType = file.storyboard; path = ExperiencesStoryboard.storyboard; sourceTree = "<group>"; };
		554110781906C85B0090B9E6 /* CSAExperiencesFirstViewController.h */ = {isa = PBXFileReference; fileEncoding = 4; lastKnownFileType = sourcecode.c.h; path = CSAExperiencesFirstViewController.h; sourceTree = "<group>"; };
		554110791906C85B0090B9E6 /* CSAExperiencesFirstViewController.m */ = {isa = PBXFileReference; fileEncoding = 4; lastKnownFileType = sourcecode.c.objc; path = CSAExperiencesFirstViewController.m; sourceTree = "<group>"; };
		5598C2741907596800992CC3 /* QuizMedia.xcassets */ = {isa = PBXFileReference; lastKnownFileType = folder.assetcatalog; path = QuizMedia.xcassets; sourceTree = "<group>"; };
		55BA8CA31906CDD9000D5F69 /* QuizStoryboard.storyboard */ = {isa = PBXFileReference; fileEncoding = 4; lastKnownFileType = file.storyboard; path = QuizStoryboard.storyboard; sourceTree = "<group>"; };
		55BA8CA61906CF1A000D5F69 /* CSAFirstQnViewController.h */ = {isa = PBXFileReference; fileEncoding = 4; lastKnownFileType = sourcecode.c.h; path = CSAFirstQnViewController.h; sourceTree = "<group>"; };
		55BA8CA71906CF1A000D5F69 /* CSAFirstQnViewController.m */ = {isa = PBXFileReference; fileEncoding = 4; lastKnownFileType = sourcecode.c.objc; path = CSAFirstQnViewController.m; sourceTree = "<group>"; };
		55BA8CA91906D0A7000D5F69 /* FactsStoryboard.storyboard */ = {isa = PBXFileReference; fileEncoding = 4; lastKnownFileType = file.storyboard; path = FactsStoryboard.storyboard; sourceTree = "<group>"; };
		55BA8CAB1906D0B6000D5F69 /* CSAFactsViewController.h */ = {isa = PBXFileReference; fileEncoding = 4; lastKnownFileType = sourcecode.c.h; path = CSAFactsViewController.h; sourceTree = "<group>"; };
		55BA8CAC1906D0B6000D5F69 /* CSAFactsViewController.m */ = {isa = PBXFileReference; fileEncoding = 4; lastKnownFileType = sourcecode.c.objc; path = CSAFactsViewController.m; sourceTree = "<group>"; };
		55BA8CAF1906D333000D5F69 /* PongGameStoryboard.storyboard */ = {isa = PBXFileReference; fileEncoding = 4; lastKnownFileType = file.storyboard; path = PongGameStoryboard.storyboard; sourceTree = "<group>"; };
		55BA8CB21906D36C000D5F69 /* CSAPongGameViewController.h */ = {isa = PBXFileReference; fileEncoding = 4; lastKnownFileType = sourcecode.c.h; path = CSAPongGameViewController.h; sourceTree = "<group>"; };
		55BA8CB31906D36C000D5F69 /* CSAPongGameViewController.m */ = {isa = PBXFileReference; fileEncoding = 4; lastKnownFileType = sourcecode.c.objc; path = CSAPongGameViewController.m; sourceTree = "<group>"; };
		55BA8CB51906D698000D5F69 /* FlappyBirdGameStoryboard.storyboard */ = {isa = PBXFileReference; fileEncoding = 4; lastKnownFileType = file.storyboard; path = FlappyBirdGameStoryboard.storyboard; sourceTree = "<group>"; };
		55BA8CB81906D6DB000D5F69 /* CSAFlappyBirdGameViewController.h */ = {isa = PBXFileReference; fileEncoding = 4; lastKnownFileType = sourcecode.c.h; path = CSAFlappyBirdGameViewController.h; sourceTree = "<group>"; };
		55BA8CB91906D6DB000D5F69 /* CSAFlappyBirdGameViewController.m */ = {isa = PBXFileReference; fileEncoding = 4; lastKnownFileType = sourcecode.c.objc; path = CSAFlappyBirdGameViewController.m; sourceTree = "<group>"; };
		55BA8CBB1906D720000D5F69 /* FlappyBirdGame.xcassets */ = {isa = PBXFileReference; lastKnownFileType = folder.assetcatalog; path = FlappyBirdGame.xcassets; sourceTree = "<group>"; };
		55BA8CBD1906DE11000D5F69 /* CSACreditsViewController.h */ = {isa = PBXFileReference; fileEncoding = 4; lastKnownFileType = sourcecode.c.h; path = CSACreditsViewController.h; sourceTree = "<group>"; };
		55BA8CBE1906DE11000D5F69 /* CSACreditsViewController.m */ = {isa = PBXFileReference; fileEncoding = 4; lastKnownFileType = sourcecode.c.objc; path = CSACreditsViewController.m; sourceTree = "<group>"; };
		869E3A791907AE7800C7FF95 /* 1.jpg */ = {isa = PBXFileReference; lastKnownFileType = image.jpeg; path = 1.jpg; sourceTree = "<group>"; };
		869E3A7A1907AE7800C7FF95 /* 10.jpg */ = {isa = PBXFileReference; lastKnownFileType = image.jpeg; path = 10.jpg; sourceTree = "<group>"; };
		869E3A7B1907AE7800C7FF95 /* 11.jpg */ = {isa = PBXFileReference; lastKnownFileType = image.jpeg; path = 11.jpg; sourceTree = "<group>"; };
		869E3A7C1907AE7800C7FF95 /* 12.jpg */ = {isa = PBXFileReference; lastKnownFileType = image.jpeg; path = 12.jpg; sourceTree = "<group>"; };
		869E3A7D1907AE7800C7FF95 /* 13.jpg */ = {isa = PBXFileReference; lastKnownFileType = image.jpeg; path = 13.jpg; sourceTree = "<group>"; };
		869E3A7E1907AE7800C7FF95 /* 14.jpg */ = {isa = PBXFileReference; lastKnownFileType = image.jpeg; path = 14.jpg; sourceTree = "<group>"; };
		869E3A7F1907AE7800C7FF95 /* 15.jpg */ = {isa = PBXFileReference; lastKnownFileType = image.jpeg; path = 15.jpg; sourceTree = "<group>"; };
		869E3A801907AE7800C7FF95 /* 16.jpg */ = {isa = PBXFileReference; lastKnownFileType = image.jpeg; path = 16.jpg; sourceTree = "<group>"; };
		869E3A811907AE7800C7FF95 /* 17.jpg */ = {isa = PBXFileReference; lastKnownFileType = image.jpeg; path = 17.jpg; sourceTree = "<group>"; };
		869E3A821907AE7800C7FF95 /* 18.jpg */ = {isa = PBXFileReference; lastKnownFileType = image.jpeg; path = 18.jpg; sourceTree = "<group>"; };
		869E3A831907AE7800C7FF95 /* 19.jpg */ = {isa = PBXFileReference; lastKnownFileType = image.jpeg; path = 19.jpg; sourceTree = "<group>"; };
		869E3A841907AE7800C7FF95 /* 2.jpg */ = {isa = PBXFileReference; lastKnownFileType = image.jpeg; path = 2.jpg; sourceTree = "<group>"; };
		869E3A851907AE7800C7FF95 /* 20.jpg */ = {isa = PBXFileReference; lastKnownFileType = image.jpeg; path = 20.jpg; sourceTree = "<group>"; };
		869E3A861907AE7800C7FF95 /* 21.jpg */ = {isa = PBXFileReference; lastKnownFileType = image.jpeg; path = 21.jpg; sourceTree = "<group>"; };
		869E3A871907AE7800C7FF95 /* 22.jpg */ = {isa = PBXFileReference; lastKnownFileType = image.jpeg; path = 22.jpg; sourceTree = "<group>"; };
		869E3A881907AE7800C7FF95 /* 23.gif */ = {isa = PBXFileReference; lastKnownFileType = image.gif; path = 23.gif; sourceTree = "<group>"; };
		869E3A891907AE7800C7FF95 /* 24.jpg */ = {isa = PBXFileReference; lastKnownFileType = image.jpeg; path = 24.jpg; sourceTree = "<group>"; };
		869E3A8A1907AE7800C7FF95 /* 3.jpg */ = {isa = PBXFileReference; lastKnownFileType = image.jpeg; path = 3.jpg; sourceTree = "<group>"; };
		869E3A8B1907AE7800C7FF95 /* 4.jpg */ = {isa = PBXFileReference; lastKnownFileType = image.jpeg; path = 4.jpg; sourceTree = "<group>"; };
		869E3A8C1907AE7800C7FF95 /* 5.jpg */ = {isa = PBXFileReference; lastKnownFileType = image.jpeg; path = 5.jpg; sourceTree = "<group>"; };
		869E3A8D1907AE7800C7FF95 /* 6.jpg */ = {isa = PBXFileReference; lastKnownFileType = image.jpeg; path = 6.jpg; sourceTree = "<group>"; };
		869E3A8E1907AE7800C7FF95 /* 7.jpg */ = {isa = PBXFileReference; lastKnownFileType = image.jpeg; path = 7.jpg; sourceTree = "<group>"; };
		869E3A8F1907AE7800C7FF95 /* 8.jpg */ = {isa = PBXFileReference; lastKnownFileType = image.jpeg; path = 8.jpg; sourceTree = "<group>"; };
		869E3A901907AE7800C7FF95 /* 9.jpg */ = {isa = PBXFileReference; lastKnownFileType = image.jpeg; path = 9.jpg; sourceTree = "<group>"; };
		86BC11E31907A9AF006BDD8A /* Sand.jpg */ = {isa = PBXFileReference; lastKnownFileType = image.jpeg; name = Sand.jpg; path = ../../Sand.jpg; sourceTree = "<group>"; };
		86BC11E51907ACCA006BDD8A /* old_music_score_background-wallpaper-2560x1600.jpg */ = {isa = PBXFileReference; lastKnownFileType = image.jpeg; name = "old_music_score_background-wallpaper-2560x1600.jpg"; path = "../../../Downloads/old_music_score_background-wallpaper-2560x1600.jpg"; sourceTree = "<group>"; };
		86BC11E71907B493006BDD8A /* CSAHeritageThirdViewController.h */ = {isa = PBXFileReference; fileEncoding = 4; lastKnownFileType = sourcecode.c.h; path = CSAHeritageThirdViewController.h; sourceTree = "<group>"; };
		86BC11E81907B493006BDD8A /* CSAHeritageThirdViewController.m */ = {isa = PBXFileReference; fileEncoding = 4; lastKnownFileType = sourcecode.c.objc; path = CSAHeritageThirdViewController.m; sourceTree = "<group>"; };
		86BC11EA1907B5FA006BDD8A /* CSAHeritageSecondViewController.h */ = {isa = PBXFileReference; fileEncoding = 4; lastKnownFileType = sourcecode.c.h; path = CSAHeritageSecondViewController.h; sourceTree = "<group>"; };
		86BC11EB1907B5FA006BDD8A /* CSAHeritageSecondViewController.m */ = {isa = PBXFileReference; fileEncoding = 4; lastKnownFileType = sourcecode.c.objc; path = CSAHeritageSecondViewController.m; sourceTree = "<group>"; };
		86BC11ED1907BAF4006BDD8A /* values.jpg */ = {isa = PBXFileReference; lastKnownFileType = image.jpeg; name = values.jpg; path = ../../../Downloads/values.jpg; sourceTree = "<group>"; };
/* End PBXFileReference section */

/* Begin PBXFrameworksBuildPhase section */
		551B85A81906B1C000A340C8 /* Frameworks */ = {
			isa = PBXFrameworksBuildPhase;
			buildActionMask = 2147483647;
			files = (
				551B85B11906B1C100A340C8 /* CoreGraphics.framework in Frameworks */,
				551B85B31906B1C100A340C8 /* UIKit.framework in Frameworks */,
				551B85AF1906B1C100A340C8 /* Foundation.framework in Frameworks */,
			);
			runOnlyForDeploymentPostprocessing = 0;
		};
		551B85C91906B1C100A340C8 /* Frameworks */ = {
			isa = PBXFrameworksBuildPhase;
			buildActionMask = 2147483647;
			files = (
				551B85CE1906B1C100A340C8 /* XCTest.framework in Frameworks */,
				551B85D01906B1C100A340C8 /* UIKit.framework in Frameworks */,
				551B85CF1906B1C100A340C8 /* Foundation.framework in Frameworks */,
			);
			runOnlyForDeploymentPostprocessing = 0;
		};
/* End PBXFrameworksBuildPhase section */

/* Begin PBXGroup section */
		551B85A21906B1C000A340C8 = {
			isa = PBXGroup;
			children = (
				551B85B41906B1C100A340C8 /* CommonwealthSecondaryAnniversary */,
				551B85D31906B1C100A340C8 /* CommonwealthSecondaryAnniversaryTests */,
				551B85AD1906B1C000A340C8 /* Frameworks */,
				551B85AC1906B1C000A340C8 /* Products */,
			);
			sourceTree = "<group>";
		};
		551B85AC1906B1C000A340C8 /* Products */ = {
			isa = PBXGroup;
			children = (
				551B85AB1906B1C000A340C8 /* CommonwealthSecondaryAnniversary.app */,
				551B85CC1906B1C100A340C8 /* CommonwealthSecondaryAnniversaryTests.xctest */,
			);
			name = Products;
			sourceTree = "<group>";
		};
		551B85AD1906B1C000A340C8 /* Frameworks */ = {
			isa = PBXGroup;
			children = (
				551B85AE1906B1C000A340C8 /* Foundation.framework */,
				551B85B01906B1C100A340C8 /* CoreGraphics.framework */,
				551B85B21906B1C100A340C8 /* UIKit.framework */,
				551B85CD1906B1C100A340C8 /* XCTest.framework */,
			);
			name = Frameworks;
			sourceTree = "<group>";
		};
		551B85B41906B1C100A340C8 /* CommonwealthSecondaryAnniversary */ = {
			isa = PBXGroup;
			children = (
				551B85BD1906B1C100A340C8 /* CSAAppDelegate.h */,
				551B85BE1906B1C100A340C8 /* CSAAppDelegate.m */,
				551B85F61906C2D600A340C8 /* Home */,
				55BA8CB71906D69E000D5F69 /* Flappy Bird Game */,
				55BA8CB11906D338000D5F69 /* Pong Game */,
				55BA8CAE1906D0BA000D5F69 /* Facts */,
				55BA8CA51906CDDF000D5F69 /* Quiz */,
				551B85F21906BFFE00A340C8 /* Heritage */,
				551B85E51906BD7E00A340C8 /* Gallery */,
				554110771906C5F30090B9E6 /* Experiences */,
				551B85F71906C2E700A340C8 /* Utils */,
				551B85C61906B1C100A340C8 /* Images.xcassets */,
				551B85B51906B1C100A340C8 /* Supporting Files */,
			);
			path = CommonwealthSecondaryAnniversary;
			sourceTree = "<group>";
		};
		551B85B51906B1C100A340C8 /* Supporting Files */ = {
			isa = PBXGroup;
			children = (
				551B85B61906B1C100A340C8 /* CommonwealthSecondaryAnniversary-Info.plist */,
				551B85B71906B1C100A340C8 /* InfoPlist.strings */,
				551B85BA1906B1C100A340C8 /* main.m */,
				551B85BC1906B1C100A340C8 /* CommonwealthSecondaryAnniversary-Prefix.pch */,
			);
			name = "Supporting Files";
			sourceTree = "<group>";
		};
		551B85D31906B1C100A340C8 /* CommonwealthSecondaryAnniversaryTests */ = {
			isa = PBXGroup;
			children = (
				551B85D91906B1C100A340C8 /* CommonwealthSecondaryAnniversaryTests.m */,
				551B85D41906B1C100A340C8 /* Supporting Files */,
			);
			path = CommonwealthSecondaryAnniversaryTests;
			sourceTree = "<group>";
		};
		551B85D41906B1C100A340C8 /* Supporting Files */ = {
			isa = PBXGroup;
			children = (
				551B85D51906B1C100A340C8 /* CommonwealthSecondaryAnniversaryTests-Info.plist */,
				551B85D61906B1C100A340C8 /* InfoPlist.strings */,
			);
			name = "Supporting Files";
			sourceTree = "<group>";
		};
		551B85E51906BD7E00A340C8 /* Gallery */ = {
			isa = PBXGroup;
			children = (
				869E3A781907AE7800C7FF95 /* Photos */,
				551B85E31906BD7900A340C8 /* GalleryStoryboard.storyboard */,
				551B85ED1906BEB200A340C8 /* CSAGalleryViewController.h */,
				551B85EE1906BEB200A340C8 /* CSAGalleryViewController.m */,
			);
			name = Gallery;
			sourceTree = "<group>";
		};
		551B85F21906BFFE00A340C8 /* Heritage */ = {
			isa = PBXGroup;
			children = (
				551B85F01906BFF900A340C8 /* HeritageStoryboard.storyboard */,
				86BC11ED1907BAF4006BDD8A /* values.jpg */,
				86BC11EA1907B5FA006BDD8A /* CSAHeritageSecondViewController.h */,
				86BC11EB1907B5FA006BDD8A /* CSAHeritageSecondViewController.m */,
				86BC11E71907B493006BDD8A /* CSAHeritageThirdViewController.h */,
				86BC11E81907B493006BDD8A /* CSAHeritageThirdViewController.m */,
				86BC11E51907ACCA006BDD8A /* old_music_score_background-wallpaper-2560x1600.jpg */,
				86BC11E31907A9AF006BDD8A /* Sand.jpg */,
				551B85F31906C0C600A340C8 /* CSAHeritageViewController.h */,
				551B85F41906C0C600A340C8 /* CSAHeritageViewController.m */,
			);
			name = Heritage;
			sourceTree = "<group>";
		};
		551B85F61906C2D600A340C8 /* Home */ = {
			isa = PBXGroup;
			children = (
				551B85C01906B1C100A340C8 /* Main.storyboard */,
				551B85C31906B1C100A340C8 /* CSAHomeViewController.h */,
				551B85C41906B1C100A340C8 /* CSAHomeViewController.m */,
				55BA8CBD1906DE11000D5F69 /* CSACreditsViewController.h */,
				55BA8CBE1906DE11000D5F69 /* CSACreditsViewController.m */,
			);
			name = Home;
			sourceTree = "<group>";
		};
		551B85F71906C2E700A340C8 /* Utils */ = {
			isa = PBXGroup;
			children = (
				551B85E61906BDD000A340C8 /* CSAViewControllerRegistry.h */,
				551B85E71906BDD000A340C8 /* CSAViewControllerRegistry.m */,
			);
			name = Utils;
			sourceTree = "<group>";
		};
		554110771906C5F30090B9E6 /* Experiences */ = {
			isa = PBXGroup;
			children = (
				554110751906C5EB0090B9E6 /* ExperiencesStoryboard.storyboard */,
				554110781906C85B0090B9E6 /* CSAExperiencesFirstViewController.h */,
				554110791906C85B0090B9E6 /* CSAExperiencesFirstViewController.m */,
			);
			name = Experiences;
			sourceTree = "<group>";
		};
		55BA8CA51906CDDF000D5F69 /* Quiz */ = {
			isa = PBXGroup;
			children = (
				55BA8CA31906CDD9000D5F69 /* QuizStoryboard.storyboard */,
				55BA8CA61906CF1A000D5F69 /* CSAFirstQnViewController.h */,
				55BA8CA71906CF1A000D5F69 /* CSAFirstQnViewController.m */,
				5598C2741907596800992CC3 /* QuizMedia.xcassets */,
			);
			name = Quiz;
			sourceTree = "<group>";
		};
		55BA8CAE1906D0BA000D5F69 /* Facts */ = {
			isa = PBXGroup;
			children = (
				55BA8CA91906D0A7000D5F69 /* FactsStoryboard.storyboard */,
				55BA8CAB1906D0B6000D5F69 /* CSAFactsViewController.h */,
				55BA8CAC1906D0B6000D5F69 /* CSAFactsViewController.m */,
			);
			name = Facts;
			sourceTree = "<group>";
		};
		55BA8CB11906D338000D5F69 /* Pong Game */ = {
			isa = PBXGroup;
			children = (
				55BA8CAF1906D333000D5F69 /* PongGameStoryboard.storyboard */,
				55BA8CB21906D36C000D5F69 /* CSAPongGameViewController.h */,
				55BA8CB31906D36C000D5F69 /* CSAPongGameViewController.m */,
			);
			name = "Pong Game";
			sourceTree = "<group>";
		};
		55BA8CB71906D69E000D5F69 /* Flappy Bird Game */ = {
			isa = PBXGroup;
			children = (
				55BA8CB51906D698000D5F69 /* FlappyBirdGameStoryboard.storyboard */,
				55BA8CB81906D6DB000D5F69 /* CSAFlappyBirdGameViewController.h */,
				55BA8CB91906D6DB000D5F69 /* CSAFlappyBirdGameViewController.m */,
				55BA8CBB1906D720000D5F69 /* FlappyBirdGame.xcassets */,
			);
			name = "Flappy Bird Game";
			sourceTree = "<group>";
		};
		869E3A781907AE7800C7FF95 /* Photos */ = {
			isa = PBXGroup;
			children = (
				869E3A791907AE7800C7FF95 /* 1.jpg */,
				869E3A7A1907AE7800C7FF95 /* 10.jpg */,
				869E3A7B1907AE7800C7FF95 /* 11.jpg */,
				869E3A7C1907AE7800C7FF95 /* 12.jpg */,
				869E3A7D1907AE7800C7FF95 /* 13.jpg */,
				869E3A7E1907AE7800C7FF95 /* 14.jpg */,
				869E3A7F1907AE7800C7FF95 /* 15.jpg */,
				869E3A801907AE7800C7FF95 /* 16.jpg */,
				869E3A811907AE7800C7FF95 /* 17.jpg */,
				869E3A821907AE7800C7FF95 /* 18.jpg */,
				869E3A831907AE7800C7FF95 /* 19.jpg */,
				869E3A841907AE7800C7FF95 /* 2.jpg */,
				869E3A851907AE7800C7FF95 /* 20.jpg */,
				869E3A861907AE7800C7FF95 /* 21.jpg */,
				869E3A871907AE7800C7FF95 /* 22.jpg */,
				869E3A881907AE7800C7FF95 /* 23.gif */,
				869E3A891907AE7800C7FF95 /* 24.jpg */,
				869E3A8A1907AE7800C7FF95 /* 3.jpg */,
				869E3A8B1907AE7800C7FF95 /* 4.jpg */,
				869E3A8C1907AE7800C7FF95 /* 5.jpg */,
				869E3A8D1907AE7800C7FF95 /* 6.jpg */,
				869E3A8E1907AE7800C7FF95 /* 7.jpg */,
				869E3A8F1907AE7800C7FF95 /* 8.jpg */,
				869E3A901907AE7800C7FF95 /* 9.jpg */,
			);
			path = Photos;
			sourceTree = SOURCE_ROOT;
		};
/* End PBXGroup section */

/* Begin PBXNativeTarget section */
		551B85AA1906B1C000A340C8 /* CommonwealthSecondaryAnniversary */ = {
			isa = PBXNativeTarget;
			buildConfigurationList = 551B85DD1906B1C100A340C8 /* Build configuration list for PBXNativeTarget "CommonwealthSecondaryAnniversary" */;
			buildPhases = (
				551B85A71906B1C000A340C8 /* Sources */,
				551B85A81906B1C000A340C8 /* Frameworks */,
				551B85A91906B1C000A340C8 /* Resources */,
			);
			buildRules = (
			);
			dependencies = (
			);
			name = CommonwealthSecondaryAnniversary;
			productName = CommonwealthSecondaryAnniversary;
			productReference = 551B85AB1906B1C000A340C8 /* CommonwealthSecondaryAnniversary.app */;
			productType = "com.apple.product-type.application";
		};
		551B85CB1906B1C100A340C8 /* CommonwealthSecondaryAnniversaryTests */ = {
			isa = PBXNativeTarget;
			buildConfigurationList = 551B85E01906B1C100A340C8 /* Build configuration list for PBXNativeTarget "CommonwealthSecondaryAnniversaryTests" */;
			buildPhases = (
				551B85C81906B1C100A340C8 /* Sources */,
				551B85C91906B1C100A340C8 /* Frameworks */,
				551B85CA1906B1C100A340C8 /* Resources */,
			);
			buildRules = (
			);
			dependencies = (
				551B85D21906B1C100A340C8 /* PBXTargetDependency */,
			);
			name = CommonwealthSecondaryAnniversaryTests;
			productName = CommonwealthSecondaryAnniversaryTests;
			productReference = 551B85CC1906B1C100A340C8 /* CommonwealthSecondaryAnniversaryTests.xctest */;
			productType = "com.apple.product-type.bundle.unit-test";
		};
/* End PBXNativeTarget section */

/* Begin PBXProject section */
		551B85A31906B1C000A340C8 /* Project object */ = {
			isa = PBXProject;
			attributes = {
				CLASSPREFIX = CSA;
				LastUpgradeCheck = 0510;
				ORGANIZATIONNAME = Tinkertanker;
				TargetAttributes = {
					551B85CB1906B1C100A340C8 = {
						TestTargetID = 551B85AA1906B1C000A340C8;
					};
				};
			};
			buildConfigurationList = 551B85A61906B1C000A340C8 /* Build configuration list for PBXProject "CommonwealthSecondaryAnniversary" */;
			compatibilityVersion = "Xcode 3.2";
			developmentRegion = English;
			hasScannedForEncodings = 0;
			knownRegions = (
				en,
				Base,
			);
			mainGroup = 551B85A21906B1C000A340C8;
			productRefGroup = 551B85AC1906B1C000A340C8 /* Products */;
			projectDirPath = "";
			projectRoot = "";
			targets = (
				551B85AA1906B1C000A340C8 /* CommonwealthSecondaryAnniversary */,
				551B85CB1906B1C100A340C8 /* CommonwealthSecondaryAnniversaryTests */,
			);
		};
/* End PBXProject section */

/* Begin PBXResourcesBuildPhase section */
		551B85A91906B1C000A340C8 /* Resources */ = {
			isa = PBXResourcesBuildPhase;
			buildActionMask = 2147483647;
			files = (
				869E3AA51907AE7800C7FF95 /* 6.jpg in Resources */,
				869E3A9E1907AE7800C7FF95 /* 21.jpg in Resources */,
				869E3A981907AE7800C7FF95 /* 16.jpg in Resources */,
				869E3A961907AE7800C7FF95 /* 14.jpg in Resources */,
				869E3A931907AE7800C7FF95 /* 11.jpg in Resources */,
				554110761906C5EB0090B9E6 /* ExperiencesStoryboard.storyboard in Resources */,
				869E3A911907AE7800C7FF95 /* 1.jpg in Resources */,
				869E3A9D1907AE7800C7FF95 /* 20.jpg in Resources */,
				869E3AA01907AE7800C7FF95 /* 23.gif in Resources */,
				869E3AA81907AE7800C7FF95 /* 9.jpg in Resources */,
				551B85E41906BD7900A340C8 /* GalleryStoryboard.storyboard in Resources */,
				869E3AA41907AE7800C7FF95 /* 5.jpg in Resources */,
				869E3A9C1907AE7800C7FF95 /* 2.jpg in Resources */,
				551B85C71906B1C100A340C8 /* Images.xcassets in Resources */,
				869E3A971907AE7800C7FF95 /* 15.jpg in Resources */,
				869E3A951907AE7800C7FF95 /* 13.jpg in Resources */,
				55BA8CAA1906D0A7000D5F69 /* FactsStoryboard.storyboard in Resources */,
				869E3AA11907AE7800C7FF95 /* 24.jpg in Resources */,
				869E3AA21907AE7800C7FF95 /* 3.jpg in Resources */,
				86BC11EE1907BAF4006BDD8A /* values.jpg in Resources */,
				55BA8CBC1906D720000D5F69 /* FlappyBirdGame.xcassets in Resources */,
				869E3A9B1907AE7800C7FF95 /* 19.jpg in Resources */,
				869E3AA71907AE7800C7FF95 /* 8.jpg in Resources */,
				551B85F11906BFF900A340C8 /* HeritageStoryboard.storyboard in Resources */,
				869E3A9A1907AE7800C7FF95 /* 18.jpg in Resources */,
				869E3AA31907AE7800C7FF95 /* 4.jpg in Resources */,
				869E3A941907AE7800C7FF95 /* 12.jpg in Resources */,
				55BA8CB01906D333000D5F69 /* PongGameStoryboard.storyboard in Resources */,
				869E3A921907AE7800C7FF95 /* 10.jpg in Resources */,
				869E3A991907AE7800C7FF95 /* 17.jpg in Resources */,
				869E3AA61907AE7800C7FF95 /* 7.jpg in Resources */,
				551B85B91906B1C100A340C8 /* InfoPlist.strings in Resources */,
				55BA8CA41906CDD9000D5F69 /* QuizStoryboard.storyboard in Resources */,
				55BA8CB61906D698000D5F69 /* FlappyBirdGameStoryboard.storyboard in Resources */,
				869E3A9F1907AE7800C7FF95 /* 22.jpg in Resources */,
				551B85C21906B1C100A340C8 /* Main.storyboard in Resources */,
				5598C2751907596800992CC3 /* QuizMedia.xcassets in Resources */,
				86BC11E61907ACCA006BDD8A /* old_music_score_background-wallpaper-2560x1600.jpg in Resources */,
				86BC11E41907A9AF006BDD8A /* Sand.jpg in Resources */,
			);
			runOnlyForDeploymentPostprocessing = 0;
		};
		551B85CA1906B1C100A340C8 /* Resources */ = {
			isa = PBXResourcesBuildPhase;
			buildActionMask = 2147483647;
			files = (
				551B85D81906B1C100A340C8 /* InfoPlist.strings in Resources */,
			);
			runOnlyForDeploymentPostprocessing = 0;
		};
/* End PBXResourcesBuildPhase section */

/* Begin PBXSourcesBuildPhase section */
		551B85A71906B1C000A340C8 /* Sources */ = {
			isa = PBXSourcesBuildPhase;
			buildActionMask = 2147483647;
			files = (
				551B85C51906B1C100A340C8 /* CSAHomeViewController.m in Sources */,
				86BC11EC1907B5FA006BDD8A /* CSAHeritageSecondViewController.m in Sources */,
				55BA8CBF1906DE11000D5F69 /* CSACreditsViewController.m in Sources */,
				551B85BF1906B1C100A340C8 /* CSAAppDelegate.m in Sources */,
				55BA8CA81906CF1A000D5F69 /* CSAFirstQnViewController.m in Sources */,
				551B85EF1906BEB200A340C8 /* CSAGalleryViewController.m in Sources */,
				551B85F51906C0C600A340C8 /* CSAHeritageViewController.m in Sources */,
				551B85BB1906B1C100A340C8 /* main.m in Sources */,
				551B85E81906BDD000A340C8 /* CSAViewControllerRegistry.m in Sources */,
				55BA8CAD1906D0B6000D5F69 /* CSAFactsViewController.m in Sources */,
				86BC11E91907B493006BDD8A /* CSAHeritageThirdViewController.m in Sources */,
				55BA8CB41906D36C000D5F69 /* CSAPongGameViewController.m in Sources */,
				55BA8CBA1906D6DB000D5F69 /* CSAFlappyBirdGameViewController.m in Sources */,
				5541107A1906C85B0090B9E6 /* CSAExperiencesFirstViewController.m in Sources */,
			);
			runOnlyForDeploymentPostprocessing = 0;
		};
		551B85C81906B1C100A340C8 /* Sources */ = {
			isa = PBXSourcesBuildPhase;
			buildActionMask = 2147483647;
			files = (
				551B85DA1906B1C100A340C8 /* CommonwealthSecondaryAnniversaryTests.m in Sources */,
			);
			runOnlyForDeploymentPostprocessing = 0;
		};
/* End PBXSourcesBuildPhase section */

/* Begin PBXTargetDependency section */
		551B85D21906B1C100A340C8 /* PBXTargetDependency */ = {
			isa = PBXTargetDependency;
			target = 551B85AA1906B1C000A340C8 /* CommonwealthSecondaryAnniversary */;
			targetProxy = 551B85D11906B1C100A340C8 /* PBXContainerItemProxy */;
		};
/* End PBXTargetDependency section */

/* Begin PBXVariantGroup section */
		551B85B71906B1C100A340C8 /* InfoPlist.strings */ = {
			isa = PBXVariantGroup;
			children = (
				551B85B81906B1C100A340C8 /* en */,
			);
			name = InfoPlist.strings;
			sourceTree = "<group>";
		};
		551B85C01906B1C100A340C8 /* Main.storyboard */ = {
			isa = PBXVariantGroup;
			children = (
				551B85C11906B1C100A340C8 /* Base */,
			);
			name = Main.storyboard;
			sourceTree = "<group>";
		};
		551B85D61906B1C100A340C8 /* InfoPlist.strings */ = {
			isa = PBXVariantGroup;
			children = (
				551B85D71906B1C100A340C8 /* en */,
			);
			name = InfoPlist.strings;
			sourceTree = "<group>";
		};
/* End PBXVariantGroup section */

/* Begin XCBuildConfiguration section */
		551B85DB1906B1C100A340C8 /* Debug */ = {
			isa = XCBuildConfiguration;
			buildSettings = {
				ALWAYS_SEARCH_USER_PATHS = NO;
				CLANG_CXX_LANGUAGE_STANDARD = "gnu++0x";
				CLANG_CXX_LIBRARY = "libc++";
				CLANG_ENABLE_MODULES = YES;
				CLANG_ENABLE_OBJC_ARC = YES;
				CLANG_WARN_BOOL_CONVERSION = YES;
				CLANG_WARN_CONSTANT_CONVERSION = YES;
				CLANG_WARN_DIRECT_OBJC_ISA_USAGE = YES_ERROR;
				CLANG_WARN_EMPTY_BODY = YES;
				CLANG_WARN_ENUM_CONVERSION = YES;
				CLANG_WARN_INT_CONVERSION = YES;
				CLANG_WARN_OBJC_ROOT_CLASS = YES_ERROR;
				CLANG_WARN__DUPLICATE_METHOD_MATCH = YES;
				"CODE_SIGN_IDENTITY[sdk=iphoneos*]" = "iPhone Developer";
				COPY_PHASE_STRIP = NO;
				GCC_C_LANGUAGE_STANDARD = gnu99;
				GCC_DYNAMIC_NO_PIC = NO;
				GCC_OPTIMIZATION_LEVEL = 0;
				GCC_PREPROCESSOR_DEFINITIONS = (
					"DEBUG=1",
					"$(inherited)",
				);
				GCC_SYMBOLS_PRIVATE_EXTERN = NO;
				GCC_WARN_64_TO_32_BIT_CONVERSION = YES;
				GCC_WARN_ABOUT_RETURN_TYPE = YES_ERROR;
				GCC_WARN_UNDECLARED_SELECTOR = YES;
				GCC_WARN_UNINITIALIZED_AUTOS = YES_AGGRESSIVE;
				GCC_WARN_UNUSED_FUNCTION = YES;
				GCC_WARN_UNUSED_VARIABLE = YES;
				IPHONEOS_DEPLOYMENT_TARGET = 7.1;
				ONLY_ACTIVE_ARCH = YES;
				SDKROOT = iphoneos;
			};
			name = Debug;
		};
		551B85DC1906B1C100A340C8 /* Release */ = {
			isa = XCBuildConfiguration;
			buildSettings = {
				ALWAYS_SEARCH_USER_PATHS = NO;
				CLANG_CXX_LANGUAGE_STANDARD = "gnu++0x";
				CLANG_CXX_LIBRARY = "libc++";
				CLANG_ENABLE_MODULES = YES;
				CLANG_ENABLE_OBJC_ARC = YES;
				CLANG_WARN_BOOL_CONVERSION = YES;
				CLANG_WARN_CONSTANT_CONVERSION = YES;
				CLANG_WARN_DIRECT_OBJC_ISA_USAGE = YES_ERROR;
				CLANG_WARN_EMPTY_BODY = YES;
				CLANG_WARN_ENUM_CONVERSION = YES;
				CLANG_WARN_INT_CONVERSION = YES;
				CLANG_WARN_OBJC_ROOT_CLASS = YES_ERROR;
				CLANG_WARN__DUPLICATE_METHOD_MATCH = YES;
				"CODE_SIGN_IDENTITY[sdk=iphoneos*]" = "iPhone Developer";
				COPY_PHASE_STRIP = YES;
				ENABLE_NS_ASSERTIONS = NO;
				GCC_C_LANGUAGE_STANDARD = gnu99;
				GCC_WARN_64_TO_32_BIT_CONVERSION = YES;
				GCC_WARN_ABOUT_RETURN_TYPE = YES_ERROR;
				GCC_WARN_UNDECLARED_SELECTOR = YES;
				GCC_WARN_UNINITIALIZED_AUTOS = YES_AGGRESSIVE;
				GCC_WARN_UNUSED_FUNCTION = YES;
				GCC_WARN_UNUSED_VARIABLE = YES;
				IPHONEOS_DEPLOYMENT_TARGET = 7.1;
				SDKROOT = iphoneos;
				VALIDATE_PRODUCT = YES;
			};
			name = Release;
		};
		551B85DE1906B1C100A340C8 /* Debug */ = {
			isa = XCBuildConfiguration;
			buildSettings = {
				ASSETCATALOG_COMPILER_APPICON_NAME = AppIcon;
				ASSETCATALOG_COMPILER_LAUNCHIMAGE_NAME = LaunchImage;
				GCC_PRECOMPILE_PREFIX_HEADER = YES;
				GCC_PREFIX_HEADER = "CommonwealthSecondaryAnniversary/CommonwealthSecondaryAnniversary-Prefix.pch";
				INFOPLIST_FILE = "CommonwealthSecondaryAnniversary/CommonwealthSecondaryAnniversary-Info.plist";
				IPHONEOS_DEPLOYMENT_TARGET = 7.0;
				PRODUCT_NAME = "$(TARGET_NAME)";
				WRAPPER_EXTENSION = app;
			};
			name = Debug;
		};
		551B85DF1906B1C100A340C8 /* Release */ = {
			isa = XCBuildConfiguration;
			buildSettings = {
				ASSETCATALOG_COMPILER_APPICON_NAME = AppIcon;
				ASSETCATALOG_COMPILER_LAUNCHIMAGE_NAME = LaunchImage;
				GCC_PRECOMPILE_PREFIX_HEADER = YES;
				GCC_PREFIX_HEADER = "CommonwealthSecondaryAnniversary/CommonwealthSecondaryAnniversary-Prefix.pch";
				INFOPLIST_FILE = "CommonwealthSecondaryAnniversary/CommonwealthSecondaryAnniversary-Info.plist";
				IPHONEOS_DEPLOYMENT_TARGET = 7.0;
				PRODUCT_NAME = "$(TARGET_NAME)";
				WRAPPER_EXTENSION = app;
			};
			name = Release;
		};
		551B85E11906B1C100A340C8 /* Debug */ = {
			isa = XCBuildConfiguration;
			buildSettings = {
				BUNDLE_LOADER = "$(BUILT_PRODUCTS_DIR)/CommonwealthSecondaryAnniversary.app/CommonwealthSecondaryAnniversary";
				FRAMEWORK_SEARCH_PATHS = (
					"$(SDKROOT)/Developer/Library/Frameworks",
					"$(inherited)",
					"$(DEVELOPER_FRAMEWORKS_DIR)",
				);
				GCC_PRECOMPILE_PREFIX_HEADER = YES;
				GCC_PREFIX_HEADER = "CommonwealthSecondaryAnniversary/CommonwealthSecondaryAnniversary-Prefix.pch";
				GCC_PREPROCESSOR_DEFINITIONS = (
					"DEBUG=1",
					"$(inherited)",
				);
				INFOPLIST_FILE = "CommonwealthSecondaryAnniversaryTests/CommonwealthSecondaryAnniversaryTests-Info.plist";
				PRODUCT_NAME = "$(TARGET_NAME)";
				TEST_HOST = "$(BUNDLE_LOADER)";
				WRAPPER_EXTENSION = xctest;
			};
			name = Debug;
		};
		551B85E21906B1C100A340C8 /* Release */ = {
			isa = XCBuildConfiguration;
			buildSettings = {
				BUNDLE_LOADER = "$(BUILT_PRODUCTS_DIR)/CommonwealthSecondaryAnniversary.app/CommonwealthSecondaryAnniversary";
				FRAMEWORK_SEARCH_PATHS = (
					"$(SDKROOT)/Developer/Library/Frameworks",
					"$(inherited)",
					"$(DEVELOPER_FRAMEWORKS_DIR)",
				);
				GCC_PRECOMPILE_PREFIX_HEADER = YES;
				GCC_PREFIX_HEADER = "CommonwealthSecondaryAnniversary/CommonwealthSecondaryAnniversary-Prefix.pch";
				INFOPLIST_FILE = "CommonwealthSecondaryAnniversaryTests/CommonwealthSecondaryAnniversaryTests-Info.plist";
				PRODUCT_NAME = "$(TARGET_NAME)";
				TEST_HOST = "$(BUNDLE_LOADER)";
				WRAPPER_EXTENSION = xctest;
			};
			name = Release;
		};
/* End XCBuildConfiguration section */

/* Begin XCConfigurationList section */
		551B85A61906B1C000A340C8 /* Build configuration list for PBXProject "CommonwealthSecondaryAnniversary" */ = {
			isa = XCConfigurationList;
			buildConfigurations = (
				551B85DB1906B1C100A340C8 /* Debug */,
				551B85DC1906B1C100A340C8 /* Release */,
			);
			defaultConfigurationIsVisible = 0;
			defaultConfigurationName = Release;
		};
		551B85DD1906B1C100A340C8 /* Build configuration list for PBXNativeTarget "CommonwealthSecondaryAnniversary" */ = {
			isa = XCConfigurationList;
			buildConfigurations = (
				551B85DE1906B1C100A340C8 /* Debug */,
				551B85DF1906B1C100A340C8 /* Release */,
			);
			defaultConfigurationIsVisible = 0;
			defaultConfigurationName = Release;
		};
		551B85E01906B1C100A340C8 /* Build configuration list for PBXNativeTarget "CommonwealthSecondaryAnniversaryTests" */ = {
			isa = XCConfigurationList;
			buildConfigurations = (
				551B85E11906B1C100A340C8 /* Debug */,
				551B85E21906B1C100A340C8 /* Release */,
			);
			defaultConfigurationIsVisible = 0;
			defaultConfigurationName = Release;
		};
/* End XCConfigurationList section */
	};
	rootObject = 551B85A31906B1C000A340C8 /* Project object */;
}
